
Microsoft Visual Studio Solution File, Format Version 12.00
# Visual Studio 15
VisualStudioVersion = 15.0.27428.2037
MinimumVisualStudioVersion = 10.0.40219.1
Project("{FAE04EC0-301F-11D3-BF4B-00C04F79EFBC}") = "AdvancedCalculator", "AdvancedCalculator\AdvancedCalculator.csproj", "{48F88953-26D0-4ADE-B4E8-3AD729B008ED}"
EndProject
Global
	GlobalSection(SolutionConfigurationPlatforms) = preSolution
		Debug|Any CPU = Debug|Any CPU
		Release|Any CPU = Release|Any CPU
	EndGlobalSection
	GlobalSection(ProjectConfigurationPlatforms) = postSolution
		{48F88953-26D0-4ADE-B4E8-3AD729B008ED}.Debug|Any CPU.ActiveCfg = Debug|Any CPU
		{48F88953-26D0-4ADE-B4E8-3AD729B008ED}.Debug|Any CPU.Build.0 = Debug|Any CPU
		{48F88953-26D0-4ADE-B4E8-3AD729B008ED}.Release|Any CPU.ActiveCfg = Release|Any CPU
		{48F88953-26D0-4ADE-B4E8-3AD729B008ED}.Release|Any CPU.Build.0 = Release|Any CPU
	EndGlobalSection
	GlobalSection(SolutionProperties) = preSolution
		HideSolutionNode = FALSE
	EndGlobalSection
	GlobalSection(ExtensibilityGlobals) = postSolution
		SolutionGuid = {3C87F952-290E-4869-A0D6-19EBEFF24DA0}
	EndGlobalSection
EndGlobal
